
Microsoft Visual Studio Solution File, Format Version 12.00
# TcXaeShell Solution File, Format Version 11.00
VisualStudioVersion = 15.0.33403.129
MinimumVisualStudioVersion = 10.0.40219.1
Project("{B1E792BE-AA5F-4E3C-8C82-674BF9C0715B}") = "nektarynki-plc-1", "nektarynki-plc-1\nektarynki-plc-1.tsproj", "{55379ECA-725C-43CF-BF09-EEA4946E6704}"
EndProject
Global
	GlobalSection(SolutionConfigurationPlatforms) = preSolution
		Debug|TwinCAT CE7 (ARMV7) = Debug|TwinCAT CE7 (ARMV7)
		Debug|TwinCAT OS (ARMT2) = Debug|TwinCAT OS (ARMT2)
		Debug|TwinCAT RT (x64) = Debug|TwinCAT RT (x64)
		Debug|TwinCAT RT (x86) = Debug|TwinCAT RT (x86)
		Release|TwinCAT CE7 (ARMV7) = Release|TwinCAT CE7 (ARMV7)
		Release|TwinCAT OS (ARMT2) = Release|TwinCAT OS (ARMT2)
		Release|TwinCAT RT (x64) = Release|TwinCAT RT (x64)
		Release|TwinCAT RT (x86) = Release|TwinCAT RT (x86)
	EndGlobalSection
	GlobalSection(ProjectConfigurationPlatforms) = postSolution
		{55379ECA-725C-43CF-BF09-EEA4946E6704}.Debug|TwinCAT CE7 (ARMV7).ActiveCfg = Debug|TwinCAT CE7 (ARMV7)
		{55379ECA-725C-43CF-BF09-EEA4946E6704}.Debug|TwinCAT CE7 (ARMV7).Build.0 = Debug|TwinCAT CE7 (ARMV7)
		{55379ECA-725C-43CF-BF09-EEA4946E6704}.Debug|TwinCAT OS (ARMT2).ActiveCfg = Debug|TwinCAT OS (ARMT2)
		{55379ECA-725C-43CF-BF09-EEA4946E6704}.Debug|TwinCAT OS (ARMT2).Build.0 = Debug|TwinCAT OS (ARMT2)
		{55379ECA-725C-43CF-BF09-EEA4946E6704}.Debug|TwinCAT RT (x64).ActiveCfg = Debug|TwinCAT RT (x64)
		{55379ECA-725C-43CF-BF09-EEA4946E6704}.Debug|TwinCAT RT (x64).Build.0 = Debug|TwinCAT RT (x64)
		{55379ECA-725C-43CF-BF09-EEA4946E6704}.Debug|TwinCAT RT (x86).ActiveCfg = Debug|TwinCAT RT (x86)
		{55379ECA-725C-43CF-BF09-EEA4946E6704}.Debug|TwinCAT RT (x86).Build.0 = Debug|TwinCAT RT (x86)
		{55379ECA-725C-43CF-BF09-EEA4946E6704}.Release|TwinCAT CE7 (ARMV7).ActiveCfg = Release|TwinCAT CE7 (ARMV7)
		{55379ECA-725C-43CF-BF09-EEA4946E6704}.Release|TwinCAT CE7 (ARMV7).Build.0 = Release|TwinCAT CE7 (ARMV7)
		{55379ECA-725C-43CF-BF09-EEA4946E6704}.Release|TwinCAT OS (ARMT2).ActiveCfg = Release|TwinCAT OS (ARMT2)
		{55379ECA-725C-43CF-BF09-EEA4946E6704}.Release|TwinCAT OS (ARMT2).Build.0 = Release|TwinCAT OS (ARMT2)
		{55379ECA-725C-43CF-BF09-EEA4946E6704}.Release|TwinCAT RT (x64).ActiveCfg = Release|TwinCAT RT (x64)
		{55379ECA-725C-43CF-BF09-EEA4946E6704}.Release|TwinCAT RT (x64).Build.0 = Release|TwinCAT RT (x64)
		{55379ECA-725C-43CF-BF09-EEA4946E6704}.Release|TwinCAT RT (x86).ActiveCfg = Release|TwinCAT RT (x86)
		{55379ECA-725C-43CF-BF09-EEA4946E6704}.Release|TwinCAT RT (x86).Build.0 = Release|TwinCAT RT (x86)
		{A14C7FBD-5B32-49C5-96AB-4C1D0189B914}.Debug|TwinCAT CE7 (ARMV7).ActiveCfg = Debug|TwinCAT CE7 (ARMV7)
		{A14C7FBD-5B32-49C5-96AB-4C1D0189B914}.Debug|TwinCAT CE7 (ARMV7).Build.0 = Debug|TwinCAT CE7 (ARMV7)
		{A14C7FBD-5B32-49C5-96AB-4C1D0189B914}.Debug|TwinCAT OS (ARMT2).ActiveCfg = Debug|TwinCAT OS (ARMT2)
		{A14C7FBD-5B32-49C5-96AB-4C1D0189B914}.Debug|TwinCAT OS (ARMT2).Build.0 = Debug|TwinCAT OS (ARMT2)
		{A14C7FBD-5B32-49C5-96AB-4C1D0189B914}.Debug|TwinCAT RT (x64).ActiveCfg = Debug|TwinCAT RT (x64)
		{A14C7FBD-5B32-49C5-96AB-4C1D0189B914}.Debug|TwinCAT RT (x64).Build.0 = Debug|TwinCAT RT (x64)
		{A14C7FBD-5B32-49C5-96AB-4C1D0189B914}.Debug|TwinCAT RT (x86).ActiveCfg = Debug|TwinCAT RT (x86)
		{A14C7FBD-5B32-49C5-96AB-4C1D0189B914}.Debug|TwinCAT RT (x86).Build.0 = Debug|TwinCAT RT (x86)
		{A14C7FBD-5B32-49C5-96AB-4C1D0189B914}.Release|TwinCAT CE7 (ARMV7).ActiveCfg = Release|TwinCAT CE7 (ARMV7)
		{A14C7FBD-5B32-49C5-96AB-4C1D0189B914}.Release|TwinCAT CE7 (ARMV7).Build.0 = Release|TwinCAT CE7 (ARMV7)
		{A14C7FBD-5B32-49C5-96AB-4C1D0189B914}.Release|TwinCAT OS (ARMT2).ActiveCfg = Release|TwinCAT OS (ARMT2)
		{A14C7FBD-5B32-49C5-96AB-4C1D0189B914}.Release|TwinCAT OS (ARMT2).Build.0 = Release|TwinCAT OS (ARMT2)
		{A14C7FBD-5B32-49C5-96AB-4C1D0189B914}.Release|TwinCAT RT (x64).ActiveCfg = Release|TwinCAT RT (x64)
		{A14C7FBD-5B32-49C5-96AB-4C1D0189B914}.Release|TwinCAT RT (x64).Build.0 = Release|TwinCAT RT (x64)
		{A14C7FBD-5B32-49C5-96AB-4C1D0189B914}.Release|TwinCAT RT (x86).ActiveCfg = Release|TwinCAT RT (x86)
		{A14C7FBD-5B32-49C5-96AB-4C1D0189B914}.Release|TwinCAT RT (x86).Build.0 = Release|TwinCAT RT (x86)
	EndGlobalSection
	GlobalSection(SolutionProperties) = preSolution
		HideSolutionNode = FALSE
	EndGlobalSection
	GlobalSection(ExtensibilityGlobals) = postSolution
		SolutionGuid = {F9C9E6A0-3992-40C5-B302-81C3B34FBAB6}
	EndGlobalSection
EndGlobal
